
Microsoft Visual Studio Solution File, Format Version 12.00
# Visual Studio Version 17
VisualStudioVersion = 17.4.33213.308
MinimumVisualStudioVersion = 10.0.40219.1
Project("{FAE04EC0-301F-11D3-BF4B-00C04F79EFBC}") = "1.ClassPerson", "1.ClassPerson\1.ClassPerson.csproj", "{9F74CA44-3927-48C4-8F0D-133041649DEB}"
EndProject
Project("{FAE04EC0-301F-11D3-BF4B-00C04F79EFBC}") = "2.ClassFamily", "2.ClassFamily\2.ClassFamily.csproj", "{0032FA66-D1E7-4692-81A4-8342E848ECDB}"
EndProject
Project("{FAE04EC0-301F-11D3-BF4B-00C04F79EFBC}") = "3.Statistika", "3.Statistika\3.Statistika.csproj", "{7E2E9745-A938-48D6-B453-0F6A2C8DF08C}"
EndProject
Global
	GlobalSection(SolutionConfigurationPlatforms) = preSolution
		Debug|Any CPU = Debug|Any CPU
		Release|Any CPU = Release|Any CPU
	EndGlobalSection
	GlobalSection(ProjectConfigurationPlatforms) = postSolution
		{9F74CA44-3927-48C4-8F0D-133041649DEB}.Debug|Any CPU.ActiveCfg = Debug|Any CPU
		{9F74CA44-3927-48C4-8F0D-133041649DEB}.Debug|Any CPU.Build.0 = Debug|Any CPU
		{9F74CA44-3927-48C4-8F0D-133041649DEB}.Release|Any CPU.ActiveCfg = Release|Any CPU
		{9F74CA44-3927-48C4-8F0D-133041649DEB}.Release|Any CPU.Build.0 = Release|Any CPU
		{0032FA66-D1E7-4692-81A4-8342E848ECDB}.Debug|Any CPU.ActiveCfg = Debug|Any CPU
		{0032FA66-D1E7-4692-81A4-8342E848ECDB}.Debug|Any CPU.Build.0 = Debug|Any CPU
		{0032FA66-D1E7-4692-81A4-8342E848ECDB}.Release|Any CPU.ActiveCfg = Release|Any CPU
		{0032FA66-D1E7-4692-81A4-8342E848ECDB}.Release|Any CPU.Build.0 = Release|Any CPU
		{7E2E9745-A938-48D6-B453-0F6A2C8DF08C}.Debug|Any CPU.ActiveCfg = Debug|Any CPU
		{7E2E9745-A938-48D6-B453-0F6A2C8DF08C}.Debug|Any CPU.Build.0 = Debug|Any CPU
		{7E2E9745-A938-48D6-B453-0F6A2C8DF08C}.Release|Any CPU.ActiveCfg = Release|Any CPU
		{7E2E9745-A938-48D6-B453-0F6A2C8DF08C}.Release|Any CPU.Build.0 = Release|Any CPU
	EndGlobalSection
	GlobalSection(SolutionProperties) = preSolution
		HideSolutionNode = FALSE
	EndGlobalSection
	GlobalSection(ExtensibilityGlobals) = postSolution
		SolutionGuid = {1E744301-6F54-4B90-A7CD-A11CBCD23152}
	EndGlobalSection
EndGlobal
